<Solution>
  <Folder Name="/src/">
    <Project Path="src/YekAbr.Api/YekAbr.Api.csproj" />
    <Project Path="src/YekAbr.Domain/YekAbr.Domain.csproj" />
    <Project Path="src/YekAbr.Infrastructure/YekAbr.Infrastructure.csproj" />
    <Project Path="src/YekAbr.Services/YekAbr.Services.csproj" />
  </Folder>
</Solution>
